
Microsoft Visual Studio Solution File, Format Version 12.00
# Visual Studio Version 16
VisualStudioVersion = 16.0.30907.101
MinimumVisualStudioVersion = 10.0.40219.1
Project("{FAE04EC0-301F-11D3-BF4B-00C04F79EFBC}") = "Demo.Entities", "Demo.Entities\Demo.Entities.csproj", "{CE6CC667-6BCE-4540-AB23-3ED351336F41}"
EndProject
Project("{FAE04EC0-301F-11D3-BF4B-00C04F79EFBC}") = "Demo.DataAccess", "Demo.DataAccess\Demo.DataAccess.csproj", "{BB5B72CD-F791-4393-98ED-9851B6DF68FF}"
EndProject
Project("{FAE04EC0-301F-11D3-BF4B-00C04F79EFBC}") = "Demo.Business", "Demo.Business\Demo.Business.csproj", "{98702461-7C84-4469-B069-E7DF2B8691C6}"
EndProject
Project("{FAE04EC0-301F-11D3-BF4B-00C04F79EFBC}") = "Demo.DTO", "Demo.DTO\Demo.DTO.csproj", "{C183A37D-74DF-41BC-A9A7-06FD96E6239E}"
EndProject
Project("{FAE04EC0-301F-11D3-BF4B-00C04F79EFBC}") = "Demo.UI", "Demo.UI\Demo.UI.csproj", "{274AE035-49A4-4C0F-9A2B-EFF3514F0256}"
EndProject
Global
	GlobalSection(SolutionConfigurationPlatforms) = preSolution
		Debug|Any CPU = Debug|Any CPU
		Release|Any CPU = Release|Any CPU
	EndGlobalSection
	GlobalSection(ProjectConfigurationPlatforms) = postSolution
		{CE6CC667-6BCE-4540-AB23-3ED351336F41}.Debug|Any CPU.ActiveCfg = Debug|Any CPU
		{CE6CC667-6BCE-4540-AB23-3ED351336F41}.Debug|Any CPU.Build.0 = Debug|Any CPU
		{CE6CC667-6BCE-4540-AB23-3ED351336F41}.Release|Any CPU.ActiveCfg = Release|Any CPU
		{CE6CC667-6BCE-4540-AB23-3ED351336F41}.Release|Any CPU.Build.0 = Release|Any CPU
		{BB5B72CD-F791-4393-98ED-9851B6DF68FF}.Debug|Any CPU.ActiveCfg = Debug|Any CPU
		{BB5B72CD-F791-4393-98ED-9851B6DF68FF}.Debug|Any CPU.Build.0 = Debug|Any CPU
		{BB5B72CD-F791-4393-98ED-9851B6DF68FF}.Release|Any CPU.ActiveCfg = Release|Any CPU
		{BB5B72CD-F791-4393-98ED-9851B6DF68FF}.Release|Any CPU.Build.0 = Release|Any CPU
		{98702461-7C84-4469-B069-E7DF2B8691C6}.Debug|Any CPU.ActiveCfg = Debug|Any CPU
		{98702461-7C84-4469-B069-E7DF2B8691C6}.Debug|Any CPU.Build.0 = Debug|Any CPU
		{98702461-7C84-4469-B069-E7DF2B8691C6}.Release|Any CPU.ActiveCfg = Release|Any CPU
		{98702461-7C84-4469-B069-E7DF2B8691C6}.Release|Any CPU.Build.0 = Release|Any CPU
		{C183A37D-74DF-41BC-A9A7-06FD96E6239E}.Debug|Any CPU.ActiveCfg = Debug|Any CPU
		{C183A37D-74DF-41BC-A9A7-06FD96E6239E}.Debug|Any CPU.Build.0 = Debug|Any CPU
		{C183A37D-74DF-41BC-A9A7-06FD96E6239E}.Release|Any CPU.ActiveCfg = Release|Any CPU
		{C183A37D-74DF-41BC-A9A7-06FD96E6239E}.Release|Any CPU.Build.0 = Release|Any CPU
		{274AE035-49A4-4C0F-9A2B-EFF3514F0256}.Debug|Any CPU.ActiveCfg = Debug|Any CPU
		{274AE035-49A4-4C0F-9A2B-EFF3514F0256}.Debug|Any CPU.Build.0 = Debug|Any CPU
		{274AE035-49A4-4C0F-9A2B-EFF3514F0256}.Release|Any CPU.ActiveCfg = Release|Any CPU
		{274AE035-49A4-4C0F-9A2B-EFF3514F0256}.Release|Any CPU.Build.0 = Release|Any CPU
	EndGlobalSection
	GlobalSection(SolutionProperties) = preSolution
		HideSolutionNode = FALSE
	EndGlobalSection
	GlobalSection(ExtensibilityGlobals) = postSolution
		SolutionGuid = {4F723EA1-577F-4D55-817C-594BF524F313}
	EndGlobalSection
EndGlobal
